
Microsoft Visual Studio Solution File, Format Version 12.00
# Visual Studio 15
VisualStudioVersion = 15.0.28307.1259
MinimumVisualStudioVersion = 10.0.40219.1
Project("{8BC9CEB8-8B4A-11D0-8D11-00A0C91BC942}") = "P37", "P37\P37.vcxproj", "{29014CA4-26A7-4F1C-8A57-9703F9600CD0}"
EndProject
Global
	GlobalSection(SolutionConfigurationPlatforms) = preSolution
		Debug|x64 = Debug|x64
		Debug|x86 = Debug|x86
		Release|x64 = Release|x64
		Release|x86 = Release|x86
	EndGlobalSection
	GlobalSection(ProjectConfigurationPlatforms) = postSolution
		{29014CA4-26A7-4F1C-8A57-9703F9600CD0}.Debug|x64.ActiveCfg = Debug|x64
		{29014CA4-26A7-4F1C-8A57-9703F9600CD0}.Debug|x64.Build.0 = Debug|x64
		{29014CA4-26A7-4F1C-8A57-9703F9600CD0}.Debug|x86.ActiveCfg = Debug|Win32
		{29014CA4-26A7-4F1C-8A57-9703F9600CD0}.Debug|x86.Build.0 = Debug|Win32
		{29014CA4-26A7-4F1C-8A57-9703F9600CD0}.Release|x64.ActiveCfg = Release|x64
		{29014CA4-26A7-4F1C-8A57-9703F9600CD0}.Release|x64.Build.0 = Release|x64
		{29014CA4-26A7-4F1C-8A57-9703F9600CD0}.Release|x86.ActiveCfg = Release|Win32
		{29014CA4-26A7-4F1C-8A57-9703F9600CD0}.Release|x86.Build.0 = Release|Win32
	EndGlobalSection
	GlobalSection(SolutionProperties) = preSolution
		HideSolutionNode = FALSE
	EndGlobalSection
	GlobalSection(ExtensibilityGlobals) = postSolution
		SolutionGuid = {06AA2AED-ED0D-46EC-BCB0-AA020A83F02C}
	EndGlobalSection
EndGlobal
